{
  "version": "5",
  "specifiers": {
    "jsr:@david/code-block-writer@^13.0.3": "13.0.3",
    "jsr:@deno/dnt@*": "0.42.3",
    "jsr:@deno/dnt@0.42": "0.42.3",
    "jsr:@std/assert@1": "1.0.14",
    "jsr:@std/fmt@1": "1.0.9",
    "jsr:@std/fs@1": "1.0.22",
    "jsr:@std/internal@^1.0.10": "1.0.12",
    "jsr:@std/internal@^1.0.12": "1.0.12",
    "jsr:@std/path@*": "1.1.4",
    "jsr:@std/path@1": "1.1.4",
    "jsr:@std/path@^1.1.4": "1.1.4",
    "jsr:@ts-morph/bootstrap@0.27": "0.27.0",
    "jsr:@ts-morph/common@0.27": "0.27.0"
  },
  "jsr": {
    "@david/code-block-writer@13.0.3": {
      "integrity": "f98c77d320f5957899a61bfb7a9bead7c6d83ad1515daee92dbacc861e13bb7f"
    },
    "@deno/dnt@0.42.3": {
      "integrity": "62a917a0492f3c8af002dce90605bb0d41f7d29debc06aca40dba72ab65d8ae3",
      "dependencies": [
        "jsr:@david/code-block-writer",
        "jsr:@std/fmt",
        "jsr:@std/fs",
        "jsr:@std/path@1",
        "jsr:@ts-morph/bootstrap"
      ]
    },
    "@std/assert@1.0.14": {
      "integrity": "68d0d4a43b365abc927f45a9b85c639ea18a9fab96ad92281e493e4ed84abaa4",
      "dependencies": [
        "jsr:@std/internal@^1.0.10"
      ]
    },
    "@std/fmt@1.0.8": {
      "integrity": "71e1fc498787e4434d213647a6e43e794af4fd393ef8f52062246e06f7e372b7"
    },
    "@std/fmt@1.0.9": {
      "integrity": "2487343e8899fb2be5d0e3d35013e54477ada198854e52dd05ed0422eddcabe0"
    },
    "@std/fs@1.0.22": {
      "integrity": "de0f277a58a867147a8a01bc1b181d0dfa80bfddba8c9cf2bacd6747bcec9308",
      "dependencies": [
        "jsr:@std/internal@^1.0.12",
        "jsr:@std/path@^1.1.4"
      ]
    },
    "@std/internal@1.0.10": {
      "integrity": "e3be62ce42cab0e177c27698e5d9800122f67b766a0bea6ca4867886cbde8cf7"
    },
    "@std/internal@1.0.12": {
      "integrity": "972a634fd5bc34b242024402972cd5143eac68d8dffaca5eaa4dba30ce17b027"
    },
    "@std/path@1.1.2": {
      "integrity": "c0b13b97dfe06546d5e16bf3966b1cadf92e1cc83e56ba5476ad8b498d9e3038"
    },
    "@std/path@1.1.4": {
      "integrity": "1d2d43f39efb1b42f0b1882a25486647cb851481862dc7313390b2bb044314b5",
      "dependencies": [
        "jsr:@std/internal@^1.0.12"
      ]
    },
    "@ts-morph/bootstrap@0.27.0": {
      "integrity": "b8d7bc8f7942ce853dde4161b28f9aa96769cef3d8eebafb379a81800b9e2448",
      "dependencies": [
        "jsr:@ts-morph/common"
      ]
    },
    "@ts-morph/common@0.27.0": {
      "integrity": "c7b73592d78ce8479b356fd4f3d6ec3c460d77753a8680ff196effea7a939052",
      "dependencies": [
        "jsr:@std/fs",
        "jsr:@std/path@1"
      ]
    }
  },
  "workspace": {
    "dependencies": [
      "jsr:@deno/dnt@0.42",
      "jsr:@std/assert@1",
      "jsr:@std/path@1"
    ]
  }
}
